
Microsoft Visual Studio Solution File, Format Version 12.00
# Visual Studio Version 17
VisualStudioVersion = 17.0.32014.148
MinimumVisualStudioVersion = 10.0.40219.1
Project("{9A19103F-16F7-4668-BE54-9A1E7A4F7556}") = "ExpenseTracker.API", "ExpenseTracker.API\ExpenseTracker.API.csproj", "{72C508C0-A05D-4E88-B9A0-889EE5A02326}"
EndProject
Project("{2150E333-8FDC-42A3-9474-1A3956D46DE8}") = "ExpenseTracker.Application", "ExpenseTracker.Application", "{D9FC22A0-E837-4B21-8E00-C603AECC0DC8}"
EndProject
Project("{2150E333-8FDC-42A3-9474-1A3956D46DE8}") = "ExpenseTracker.Business", "ExpenseTracker.Business", "{C3B39470-6F21-4075-80B1-BA7389331779}"
EndProject
Project("{2150E333-8FDC-42A3-9474-1A3956D46DE8}") = "ExpenseTracker.Data", "ExpenseTracker.Data", "{2770FF3B-A983-49C9-ABF9-BC4F6284D076}"
EndProject
Project("{9A19103F-16F7-4668-BE54-9A1E7A4F7556}") = "ExpenseTracker.Domain", "ExpenseTracker.Domain\ExpenseTracker.Domain.csproj", "{532247A9-3E8D-4A44-A5D5-330AA6852AF0}"
EndProject
Project("{9A19103F-16F7-4668-BE54-9A1E7A4F7556}") = "ExpenseTracker.Infastructure", "ExpenseTracker.Infastructure\ExpenseTracker.Infastructure.csproj", "{CFBF59BC-08E9-4F2E-99C1-698D44433B57}"
EndProject
Project("{9A19103F-16F7-4668-BE54-9A1E7A4F7556}") = "ExpenseTracker.InfructureSqlServre", "ExpenseTracker.InfructureSqlServre\ExpenseTracker.InfructureSqlServre.csproj", "{17FF2BDE-92BB-4900-B578-EC1666532169}"
EndProject
Project("{9A19103F-16F7-4668-BE54-9A1E7A4F7556}") = "ExpenseTracker.Web", "ExpenseTracker.Web\ExpenseTracker.Web.csproj", "{D327CDFF-1165-44AD-828A-846BD28FC318}"
EndProject
Global
	GlobalSection(SolutionConfigurationPlatforms) = preSolution
		Debug|Any CPU = Debug|Any CPU
		Release|Any CPU = Release|Any CPU
	EndGlobalSection
	GlobalSection(ProjectConfigurationPlatforms) = postSolution
		{72C508C0-A05D-4E88-B9A0-889EE5A02326}.Debug|Any CPU.ActiveCfg = Debug|Any CPU
		{72C508C0-A05D-4E88-B9A0-889EE5A02326}.Debug|Any CPU.Build.0 = Debug|Any CPU
		{72C508C0-A05D-4E88-B9A0-889EE5A02326}.Release|Any CPU.ActiveCfg = Release|Any CPU
		{72C508C0-A05D-4E88-B9A0-889EE5A02326}.Release|Any CPU.Build.0 = Release|Any CPU
		{532247A9-3E8D-4A44-A5D5-330AA6852AF0}.Debug|Any CPU.ActiveCfg = Debug|Any CPU
		{532247A9-3E8D-4A44-A5D5-330AA6852AF0}.Debug|Any CPU.Build.0 = Debug|Any CPU
		{532247A9-3E8D-4A44-A5D5-330AA6852AF0}.Release|Any CPU.ActiveCfg = Release|Any CPU
		{532247A9-3E8D-4A44-A5D5-330AA6852AF0}.Release|Any CPU.Build.0 = Release|Any CPU
		{CFBF59BC-08E9-4F2E-99C1-698D44433B57}.Debug|Any CPU.ActiveCfg = Debug|Any CPU
		{CFBF59BC-08E9-4F2E-99C1-698D44433B57}.Debug|Any CPU.Build.0 = Debug|Any CPU
		{CFBF59BC-08E9-4F2E-99C1-698D44433B57}.Release|Any CPU.ActiveCfg = Release|Any CPU
		{CFBF59BC-08E9-4F2E-99C1-698D44433B57}.Release|Any CPU.Build.0 = Release|Any CPU
		{17FF2BDE-92BB-4900-B578-EC1666532169}.Debug|Any CPU.ActiveCfg = Debug|Any CPU
		{17FF2BDE-92BB-4900-B578-EC1666532169}.Debug|Any CPU.Build.0 = Debug|Any CPU
		{17FF2BDE-92BB-4900-B578-EC1666532169}.Release|Any CPU.ActiveCfg = Release|Any CPU
		{17FF2BDE-92BB-4900-B578-EC1666532169}.Release|Any CPU.Build.0 = Release|Any CPU
		{D327CDFF-1165-44AD-828A-846BD28FC318}.Debug|Any CPU.ActiveCfg = Debug|Any CPU
		{D327CDFF-1165-44AD-828A-846BD28FC318}.Debug|Any CPU.Build.0 = Debug|Any CPU
		{D327CDFF-1165-44AD-828A-846BD28FC318}.Release|Any CPU.ActiveCfg = Release|Any CPU
		{D327CDFF-1165-44AD-828A-846BD28FC318}.Release|Any CPU.Build.0 = Release|Any CPU
	EndGlobalSection
	GlobalSection(SolutionProperties) = preSolution
		HideSolutionNode = FALSE
	EndGlobalSection
	GlobalSection(NestedProjects) = preSolution
		{72C508C0-A05D-4E88-B9A0-889EE5A02326} = {C3B39470-6F21-4075-80B1-BA7389331779}
		{532247A9-3E8D-4A44-A5D5-330AA6852AF0} = {C3B39470-6F21-4075-80B1-BA7389331779}
		{CFBF59BC-08E9-4F2E-99C1-698D44433B57} = {2770FF3B-A983-49C9-ABF9-BC4F6284D076}
		{17FF2BDE-92BB-4900-B578-EC1666532169} = {2770FF3B-A983-49C9-ABF9-BC4F6284D076}
		{D327CDFF-1165-44AD-828A-846BD28FC318} = {D9FC22A0-E837-4B21-8E00-C603AECC0DC8}
	EndGlobalSection
	GlobalSection(ExtensibilityGlobals) = postSolution
		SolutionGuid = {5616EDF3-4055-4AB2-BAEA-36E849B4E205}
	EndGlobalSection
EndGlobal
